
Microsoft Visual Studio Solution File, Format Version 12.00
# Visual Studio Version 17
VisualStudioVersion = 17.0.31903.59
MinimumVisualStudioVersion = 10.0.40219.1
Project("{9A19103F-16F7-4668-BE54-9A1E7A4F7556}") = "API", "API\API.csproj", "{70898E19-8708-40F7-915C-983D2D3D132B}"
EndProject
Project("{9A19103F-16F7-4668-BE54-9A1E7A4F7556}") = "Application", "Application\Application.csproj", "{9490A576-97E3-4938-9CC3-2AFE90940D58}"
EndProject
Project("{9A19103F-16F7-4668-BE54-9A1E7A4F7556}") = "Database", "Database\Database.csproj", "{6C64E38F-9658-4AE7-9734-9379D6E417A2}"
EndProject
Project("{9A19103F-16F7-4668-BE54-9A1E7A4F7556}") = "Domain", "Domain\Domain.csproj", "{3EFFE945-D7B2-4BFE-940F-635BFFA4DEA6}"
EndProject
Project("{2150E333-8FDC-42A3-9474-1A3956D46DE8}") = "Solution Items", "Solution Items", "{CB3B819A-7D10-4D8F-A047-2DAD9AC2DB78}"
	ProjectSection(SolutionItems) = preProject
		.gitignore = .gitignore
	EndProjectSection
EndProject
Global
	GlobalSection(SolutionConfigurationPlatforms) = preSolution
		Debug|Any CPU = Debug|Any CPU
		Release|Any CPU = Release|Any CPU
	EndGlobalSection
	GlobalSection(ProjectConfigurationPlatforms) = postSolution
		{70898E19-8708-40F7-915C-983D2D3D132B}.Debug|Any CPU.ActiveCfg = Debug|Any CPU
		{70898E19-8708-40F7-915C-983D2D3D132B}.Debug|Any CPU.Build.0 = Debug|Any CPU
		{70898E19-8708-40F7-915C-983D2D3D132B}.Release|Any CPU.ActiveCfg = Release|Any CPU
		{70898E19-8708-40F7-915C-983D2D3D132B}.Release|Any CPU.Build.0 = Release|Any CPU
		{9490A576-97E3-4938-9CC3-2AFE90940D58}.Debug|Any CPU.ActiveCfg = Debug|Any CPU
		{9490A576-97E3-4938-9CC3-2AFE90940D58}.Debug|Any CPU.Build.0 = Debug|Any CPU
		{9490A576-97E3-4938-9CC3-2AFE90940D58}.Release|Any CPU.ActiveCfg = Release|Any CPU
		{9490A576-97E3-4938-9CC3-2AFE90940D58}.Release|Any CPU.Build.0 = Release|Any CPU
		{6C64E38F-9658-4AE7-9734-9379D6E417A2}.Debug|Any CPU.ActiveCfg = Debug|Any CPU
		{6C64E38F-9658-4AE7-9734-9379D6E417A2}.Debug|Any CPU.Build.0 = Debug|Any CPU
		{6C64E38F-9658-4AE7-9734-9379D6E417A2}.Release|Any CPU.ActiveCfg = Release|Any CPU
		{6C64E38F-9658-4AE7-9734-9379D6E417A2}.Release|Any CPU.Build.0 = Release|Any CPU
		{3EFFE945-D7B2-4BFE-940F-635BFFA4DEA6}.Debug|Any CPU.ActiveCfg = Debug|Any CPU
		{3EFFE945-D7B2-4BFE-940F-635BFFA4DEA6}.Debug|Any CPU.Build.0 = Debug|Any CPU
		{3EFFE945-D7B2-4BFE-940F-635BFFA4DEA6}.Release|Any CPU.ActiveCfg = Release|Any CPU
		{3EFFE945-D7B2-4BFE-940F-635BFFA4DEA6}.Release|Any CPU.Build.0 = Release|Any CPU
	EndGlobalSection
	GlobalSection(SolutionProperties) = preSolution
		HideSolutionNode = FALSE
	EndGlobalSection
EndGlobal
